
Microsoft Visual Studio Solution File, Format Version 12.00
# Visual Studio 15
Project("{FAE04EC0-301F-11D3-BF4B-00C04F79EFBC}") = "GameMain", "GameMain.csproj", "{69B83160-C4B8-4F3F-3177-7FAA6DB22130}"
EndProject
Project("{FAE04EC0-301F-11D3-BF4B-00C04F79EFBC}") = "Assembly-CSharp-firstpass", "Assembly-CSharp-firstpass.csproj", "{76B62D42-A470-9DE3-E74C-2D6B2BE7F42C}"
EndProject
Project("{FAE04EC0-301F-11D3-BF4B-00C04F79EFBC}") = "DOTween.Modules", "DOTween.Modules.csproj", "{5C67505F-AFC3-1E49-C32D-E871C14B1E09}"
EndProject
Project("{FAE04EC0-301F-11D3-BF4B-00C04F79EFBC}") = "Assembly-CSharp-Editor", "Assembly-CSharp-Editor.csproj", "{514A8E5C-46CB-088C-62E3-111758D48545}"
EndProject
Global
	GlobalSection(SolutionConfigurationPlatforms) = preSolution
		Debug|Any CPU = Debug|Any CPU
		Release|Any CPU = Release|Any CPU
	EndGlobalSection
	GlobalSection(ProjectConfigurationPlatforms) = postSolution
		{69B83160-C4B8-4F3F-3177-7FAA6DB22130}.Debug|Any CPU.ActiveCfg = Debug|Any CPU
		{69B83160-C4B8-4F3F-3177-7FAA6DB22130}.Debug|Any CPU.Build.0 = Debug|Any CPU
		{69B83160-C4B8-4F3F-3177-7FAA6DB22130}.Release|Any CPU.ActiveCfg = Release|Any CPU
		{69B83160-C4B8-4F3F-3177-7FAA6DB22130}.Release|Any CPU.Build.0 = Release|Any CPU
		{76B62D42-A470-9DE3-E74C-2D6B2BE7F42C}.Debug|Any CPU.ActiveCfg = Debug|Any CPU
		{76B62D42-A470-9DE3-E74C-2D6B2BE7F42C}.Debug|Any CPU.Build.0 = Debug|Any CPU
		{76B62D42-A470-9DE3-E74C-2D6B2BE7F42C}.Release|Any CPU.ActiveCfg = Release|Any CPU
		{76B62D42-A470-9DE3-E74C-2D6B2BE7F42C}.Release|Any CPU.Build.0 = Release|Any CPU
		{5C67505F-AFC3-1E49-C32D-E871C14B1E09}.Debug|Any CPU.ActiveCfg = Debug|Any CPU
		{5C67505F-AFC3-1E49-C32D-E871C14B1E09}.Debug|Any CPU.Build.0 = Debug|Any CPU
		{5C67505F-AFC3-1E49-C32D-E871C14B1E09}.Release|Any CPU.ActiveCfg = Release|Any CPU
		{5C67505F-AFC3-1E49-C32D-E871C14B1E09}.Release|Any CPU.Build.0 = Release|Any CPU
		{514A8E5C-46CB-088C-62E3-111758D48545}.Debug|Any CPU.ActiveCfg = Debug|Any CPU
		{514A8E5C-46CB-088C-62E3-111758D48545}.Debug|Any CPU.Build.0 = Debug|Any CPU
		{514A8E5C-46CB-088C-62E3-111758D48545}.Release|Any CPU.ActiveCfg = Release|Any CPU
		{514A8E5C-46CB-088C-62E3-111758D48545}.Release|Any CPU.Build.0 = Release|Any CPU
	EndGlobalSection
	GlobalSection(SolutionProperties) = preSolution
		HideSolutionNode = FALSE
	EndGlobalSection
EndGlobal
