
Microsoft Visual Studio Solution File, Format Version 12.00
# Visual Studio 15
Project("{FAE04EC0-301F-11D3-BF4B-00C04F79EFBC}") = "Model", "Model.csproj", "{D6BD9EE3-B769-C3C4-C87A-678E94738C2F}"
EndProject
Project("{FAE04EC0-301F-11D3-BF4B-00C04F79EFBC}") = "Assembly-CSharp-firstpass", "Assembly-CSharp-firstpass.csproj", "{76B62D42-A470-9DE3-E74C-2D6B2BE7F42C}"
EndProject
Project("{FAE04EC0-301F-11D3-BF4B-00C04F79EFBC}") = "Core", "Core.csproj", "{C86F3AE2-FD9B-0873-C983-3B2C64C0DCEE}"
EndProject
Project("{FAE04EC0-301F-11D3-BF4B-00C04F79EFBC}") = "DOTween.Modules", "DOTween.Modules.csproj", "{5C67505F-AFC3-1E49-C32D-E871C14B1E09}"
EndProject
Project("{FAE04EC0-301F-11D3-BF4B-00C04F79EFBC}") = "Assembly-CSharp-Editor", "Assembly-CSharp-Editor.csproj", "{514A8E5C-46CB-088C-62E3-111758D48545}"
EndProject
Project("{FAE04EC0-301F-11D3-BF4B-00C04F79EFBC}") = "Assembly-CSharp", "Assembly-CSharp.csproj", "{6797A1D7-AFE8-2E1A-67EC-C7EA4212845D}"
EndProject
Global
	GlobalSection(SolutionConfigurationPlatforms) = preSolution
		Debug|Any CPU = Debug|Any CPU
		Release|Any CPU = Release|Any CPU
	EndGlobalSection
	GlobalSection(ProjectConfigurationPlatforms) = postSolution
		{D6BD9EE3-B769-C3C4-C87A-678E94738C2F}.Debug|Any CPU.ActiveCfg = Debug|Any CPU
		{D6BD9EE3-B769-C3C4-C87A-678E94738C2F}.Debug|Any CPU.Build.0 = Debug|Any CPU
		{D6BD9EE3-B769-C3C4-C87A-678E94738C2F}.Release|Any CPU.ActiveCfg = Release|Any CPU
		{D6BD9EE3-B769-C3C4-C87A-678E94738C2F}.Release|Any CPU.Build.0 = Release|Any CPU
		{76B62D42-A470-9DE3-E74C-2D6B2BE7F42C}.Debug|Any CPU.ActiveCfg = Debug|Any CPU
		{76B62D42-A470-9DE3-E74C-2D6B2BE7F42C}.Debug|Any CPU.Build.0 = Debug|Any CPU
		{76B62D42-A470-9DE3-E74C-2D6B2BE7F42C}.Release|Any CPU.ActiveCfg = Release|Any CPU
		{76B62D42-A470-9DE3-E74C-2D6B2BE7F42C}.Release|Any CPU.Build.0 = Release|Any CPU
		{C86F3AE2-FD9B-0873-C983-3B2C64C0DCEE}.Debug|Any CPU.ActiveCfg = Debug|Any CPU
		{C86F3AE2-FD9B-0873-C983-3B2C64C0DCEE}.Debug|Any CPU.Build.0 = Debug|Any CPU
		{C86F3AE2-FD9B-0873-C983-3B2C64C0DCEE}.Release|Any CPU.ActiveCfg = Release|Any CPU
		{C86F3AE2-FD9B-0873-C983-3B2C64C0DCEE}.Release|Any CPU.Build.0 = Release|Any CPU
		{5C67505F-AFC3-1E49-C32D-E871C14B1E09}.Debug|Any CPU.ActiveCfg = Debug|Any CPU
		{5C67505F-AFC3-1E49-C32D-E871C14B1E09}.Debug|Any CPU.Build.0 = Debug|Any CPU
		{5C67505F-AFC3-1E49-C32D-E871C14B1E09}.Release|Any CPU.ActiveCfg = Release|Any CPU
		{5C67505F-AFC3-1E49-C32D-E871C14B1E09}.Release|Any CPU.Build.0 = Release|Any CPU
		{514A8E5C-46CB-088C-62E3-111758D48545}.Debug|Any CPU.ActiveCfg = Debug|Any CPU
		{514A8E5C-46CB-088C-62E3-111758D48545}.Debug|Any CPU.Build.0 = Debug|Any CPU
		{514A8E5C-46CB-088C-62E3-111758D48545}.Release|Any CPU.ActiveCfg = Release|Any CPU
		{514A8E5C-46CB-088C-62E3-111758D48545}.Release|Any CPU.Build.0 = Release|Any CPU
		{6797A1D7-AFE8-2E1A-67EC-C7EA4212845D}.Debug|Any CPU.ActiveCfg = Debug|Any CPU
		{6797A1D7-AFE8-2E1A-67EC-C7EA4212845D}.Debug|Any CPU.Build.0 = Debug|Any CPU
		{6797A1D7-AFE8-2E1A-67EC-C7EA4212845D}.Release|Any CPU.ActiveCfg = Release|Any CPU
		{6797A1D7-AFE8-2E1A-67EC-C7EA4212845D}.Release|Any CPU.Build.0 = Release|Any CPU
	EndGlobalSection
	GlobalSection(SolutionProperties) = preSolution
		HideSolutionNode = FALSE
	EndGlobalSection
EndGlobal
